
Microsoft Visual Studio Solution File, Format Version 12.00
# Visual Studio 15
VisualStudioVersion = 15.0.28307.421
MinimumVisualStudioVersion = 10.0.40219.1
Project("{FAE04EC0-301F-11D3-BF4B-00C04F79EFBC}") = "Stories4Taco", "Stories4Taco\Stories4Taco.csproj", "{86526D6B-533C-4AF4-8B25-B83B61F3A205}"
EndProject
Project("{FAE04EC0-301F-11D3-BF4B-00C04F79EFBC}") = "DatabaseInit", "DatabaseInit\DatabaseInit.csproj", "{F642D210-22A8-4965-B878-F8C81F15BCAF}"
EndProject
Global
	GlobalSection(SolutionConfigurationPlatforms) = preSolution
		Debug|Any CPU = Debug|Any CPU
		Release|Any CPU = Release|Any CPU
	EndGlobalSection
	GlobalSection(ProjectConfigurationPlatforms) = postSolution
		{86526D6B-533C-4AF4-8B25-B83B61F3A205}.Debug|Any CPU.ActiveCfg = Debug|Any CPU
		{86526D6B-533C-4AF4-8B25-B83B61F3A205}.Debug|Any CPU.Build.0 = Debug|Any CPU
		{86526D6B-533C-4AF4-8B25-B83B61F3A205}.Release|Any CPU.ActiveCfg = Release|Any CPU
		{86526D6B-533C-4AF4-8B25-B83B61F3A205}.Release|Any CPU.Build.0 = Release|Any CPU
		{F642D210-22A8-4965-B878-F8C81F15BCAF}.Debug|Any CPU.ActiveCfg = Debug|Any CPU
		{F642D210-22A8-4965-B878-F8C81F15BCAF}.Debug|Any CPU.Build.0 = Debug|Any CPU
		{F642D210-22A8-4965-B878-F8C81F15BCAF}.Release|Any CPU.ActiveCfg = Release|Any CPU
		{F642D210-22A8-4965-B878-F8C81F15BCAF}.Release|Any CPU.Build.0 = Release|Any CPU
	EndGlobalSection
	GlobalSection(SolutionProperties) = preSolution
		HideSolutionNode = FALSE
	EndGlobalSection
	GlobalSection(ExtensibilityGlobals) = postSolution
		SolutionGuid = {892533B4-E1EB-48AF-AC92-74E7055A7B63}
	EndGlobalSection
EndGlobal
